
Microsoft Visual Studio Solution File, Format Version 12.00
# Visual Studio Version 17
VisualStudioVersion = 17.14.36908.2
MinimumVisualStudioVersion = 10.0.40219.1
Project("{FAE04EC0-301F-11D3-BF4B-00C04F79EFBC}") = "SV22T1020789.Admin", "SV22T1020789.Admin\SV22T1020789.Admin.csproj", "{38876B1C-6A19-4B4F-BDCE-F097D15AE355}"
EndProject
Project("{FAE04EC0-301F-11D3-BF4B-00C04F79EFBC}") = "SV22T1020789.Shop", "SV22T1020789.Shop\SV22T1020789.Shop.csproj", "{436ADFA6-BAAD-40A0-AC97-B73924ACE07B}"
EndProject
Project("{FAE04EC0-301F-11D3-BF4B-00C04F79EFBC}") = "SV22T1020789.Models", "SV22T1020789.Models\SV22T1020789.Models.csproj", "{BDDF562F-4AAB-40CB-8ABE-DF630EEAB0DC}"
EndProject
Project("{FAE04EC0-301F-11D3-BF4B-00C04F79EFBC}") = "SV22T1020789.BusinessLayers", "SV22T1020789.BusinessLayers\SV22T1020789.BusinessLayers.csproj", "{A9B3E5CD-008E-4671-A244-1A43ED44F738}"
EndProject
Project("{2150E333-8FDC-42A3-9474-1A3956D46DE8}") = "Applications", "Applications", "{02EA681E-C7D8-13C7-8484-4AC65E1B71E8}"
EndProject
Project("{2150E333-8FDC-42A3-9474-1A3956D46DE8}") = "Libraries", "Libraries", "{DCEF36F3-7D81-40F3-B54E-4159A4BE1338}"
EndProject
Project("{FAE04EC0-301F-11D3-BF4B-00C04F79EFBC}") = "SV22T1020789.DataLayers", "SV22T1020789.DataLayers\SV22T1020789.DataLayers.csproj", "{CE9DF822-3B50-3244-4E22-F6FD5C7F9408}"
EndProject
Global
	GlobalSection(SolutionConfigurationPlatforms) = preSolution
		Debug|Any CPU = Debug|Any CPU
		Release|Any CPU = Release|Any CPU
	EndGlobalSection
	GlobalSection(ProjectConfigurationPlatforms) = postSolution
		{38876B1C-6A19-4B4F-BDCE-F097D15AE355}.Debug|Any CPU.ActiveCfg = Debug|Any CPU
		{38876B1C-6A19-4B4F-BDCE-F097D15AE355}.Debug|Any CPU.Build.0 = Debug|Any CPU
		{38876B1C-6A19-4B4F-BDCE-F097D15AE355}.Release|Any CPU.ActiveCfg = Release|Any CPU
		{38876B1C-6A19-4B4F-BDCE-F097D15AE355}.Release|Any CPU.Build.0 = Release|Any CPU
		{436ADFA6-BAAD-40A0-AC97-B73924ACE07B}.Debug|Any CPU.ActiveCfg = Debug|Any CPU
		{436ADFA6-BAAD-40A0-AC97-B73924ACE07B}.Debug|Any CPU.Build.0 = Debug|Any CPU
		{436ADFA6-BAAD-40A0-AC97-B73924ACE07B}.Release|Any CPU.ActiveCfg = Release|Any CPU
		{436ADFA6-BAAD-40A0-AC97-B73924ACE07B}.Release|Any CPU.Build.0 = Release|Any CPU
		{BDDF562F-4AAB-40CB-8ABE-DF630EEAB0DC}.Debug|Any CPU.ActiveCfg = Debug|Any CPU
		{BDDF562F-4AAB-40CB-8ABE-DF630EEAB0DC}.Debug|Any CPU.Build.0 = Debug|Any CPU
		{BDDF562F-4AAB-40CB-8ABE-DF630EEAB0DC}.Release|Any CPU.ActiveCfg = Release|Any CPU
		{BDDF562F-4AAB-40CB-8ABE-DF630EEAB0DC}.Release|Any CPU.Build.0 = Release|Any CPU
		{A9B3E5CD-008E-4671-A244-1A43ED44F738}.Debug|Any CPU.ActiveCfg = Debug|Any CPU
		{A9B3E5CD-008E-4671-A244-1A43ED44F738}.Debug|Any CPU.Build.0 = Debug|Any CPU
		{A9B3E5CD-008E-4671-A244-1A43ED44F738}.Release|Any CPU.ActiveCfg = Release|Any CPU
		{A9B3E5CD-008E-4671-A244-1A43ED44F738}.Release|Any CPU.Build.0 = Release|Any CPU
		{CE9DF822-3B50-3244-4E22-F6FD5C7F9408}.Debug|Any CPU.ActiveCfg = Debug|Any CPU
		{CE9DF822-3B50-3244-4E22-F6FD5C7F9408}.Debug|Any CPU.Build.0 = Debug|Any CPU
		{CE9DF822-3B50-3244-4E22-F6FD5C7F9408}.Release|Any CPU.ActiveCfg = Release|Any CPU
		{CE9DF822-3B50-3244-4E22-F6FD5C7F9408}.Release|Any CPU.Build.0 = Release|Any CPU
	EndGlobalSection
	GlobalSection(SolutionProperties) = preSolution
		HideSolutionNode = FALSE
	EndGlobalSection
	GlobalSection(NestedProjects) = preSolution
		{38876B1C-6A19-4B4F-BDCE-F097D15AE355} = {02EA681E-C7D8-13C7-8484-4AC65E1B71E8}
		{436ADFA6-BAAD-40A0-AC97-B73924ACE07B} = {02EA681E-C7D8-13C7-8484-4AC65E1B71E8}
		{BDDF562F-4AAB-40CB-8ABE-DF630EEAB0DC} = {DCEF36F3-7D81-40F3-B54E-4159A4BE1338}
		{A9B3E5CD-008E-4671-A244-1A43ED44F738} = {DCEF36F3-7D81-40F3-B54E-4159A4BE1338}
		{CE9DF822-3B50-3244-4E22-F6FD5C7F9408} = {DCEF36F3-7D81-40F3-B54E-4159A4BE1338}
	EndGlobalSection
	GlobalSection(ExtensibilityGlobals) = postSolution
		SolutionGuid = {9BC9287B-BFD5-4630-A13A-1B864A9BB711}
	EndGlobalSection
EndGlobal
